
Microsoft Visual Studio Solution File, Format Version 12.00
# Visual Studio Version 16
VisualStudioVersion = 16.0.30503.244
MinimumVisualStudioVersion = 10.0.40219.1
Project("{8BC9CEB8-8B4A-11D0-8D11-00A0C91BC942}") = "Luogu2", "Luogu2\Luogu2.vcxproj", "{F822C291-F094-401E-8963-D341F08D01B1}"
EndProject
Project("{8BC9CEB8-8B4A-11D0-8D11-00A0C91BC942}") = "P2089", "P2089\P2089.vcxproj", "{7F56E0CF-3B29-4A78-8E26-E84904FAED61}"
EndProject
Project("{8BC9CEB8-8B4A-11D0-8D11-00A0C91BC942}") = "P1706", "P1706\P1706.vcxproj", "{AEAE07B4-F176-4632-BCE9-A2860FE54B9B}"
EndProject
Project("{8BC9CEB8-8B4A-11D0-8D11-00A0C91BC942}") = "P1149", "P1149\P1149.vcxproj", "{B4062D4F-D200-4F74-8C93-C529A52454F9}"
EndProject
Project("{8BC9CEB8-8B4A-11D0-8D11-00A0C91BC942}") = "P1379", "P1379\P1379.vcxproj", "{7FD5D344-C99D-4CC3-A371-0D8B7D0313B3}"
EndProject
Project("{8BC9CEB8-8B4A-11D0-8D11-00A0C91BC942}") = "P2578", "P2578\P2578.vcxproj", "{4F50524C-483F-44C7-8873-C864BB47757A}"
EndProject
Project("{8BC9CEB8-8B4A-11D0-8D11-00A0C91BC942}") = "UVa208Firetruck", "UVa208Firetruck\UVa208Firetruck.vcxproj", "{98F803A7-ED49-4654-928D-6C62905512C5}"
EndProject
Project("{8BC9CEB8-8B4A-11D0-8D11-00A0C91BC942}") = "P1278", "P1278\P1278.vcxproj", "{4B6DC31C-EDF1-4BD4-B863-0AD88BB23D3D}"
EndProject
Project("{8BC9CEB8-8B4A-11D0-8D11-00A0C91BC942}") = "UVa1629CakeSlicing", "UVa1629CakeSlicing\UVa1629CakeSlicing.vcxproj", "{DFE8E45B-4DB1-46A5-931C-9E4361B9829D}"
EndProject
Project("{8BC9CEB8-8B4A-11D0-8D11-00A0C91BC942}") = "Test", "Test\Test.vcxproj", "{130722C6-E32C-4ECE-9604-D685828852C4}"
EndProject
Project("{8BC9CEB8-8B4A-11D0-8D11-00A0C91BC942}") = "LC787", "LC787\LC787.vcxproj", "{19A0020D-6C7A-4875-B032-F77769DA446C}"
EndProject
Project("{8BC9CEB8-8B4A-11D0-8D11-00A0C91BC942}") = "LC474", "LC474\LC474.vcxproj", "{241FA926-87B1-4037-B46A-62333AFB4DF3}"
EndProject
Project("{8BC9CEB8-8B4A-11D0-8D11-00A0C91BC942}") = "Tests", "Tests\Tests.vcxproj", "{0F869BEC-B1BF-44EA-984B-37E7D7DDEE48}"
EndProject
Project("{8BC9CEB8-8B4A-11D0-8D11-00A0C91BC942}") = "HumanTower", "HumanTower\HumanTower.vcxproj", "{3499BA2D-BD25-4F9E-8464-2E5E95C34DCC}"
EndProject
Global
	GlobalSection(SolutionConfigurationPlatforms) = preSolution
		Debug|x64 = Debug|x64
		Debug|x86 = Debug|x86
		Release|x64 = Release|x64
		Release|x86 = Release|x86
	EndGlobalSection
	GlobalSection(ProjectConfigurationPlatforms) = postSolution
		{F822C291-F094-401E-8963-D341F08D01B1}.Debug|x64.ActiveCfg = Debug|x64
		{F822C291-F094-401E-8963-D341F08D01B1}.Debug|x64.Build.0 = Debug|x64
		{F822C291-F094-401E-8963-D341F08D01B1}.Debug|x86.ActiveCfg = Debug|Win32
		{F822C291-F094-401E-8963-D341F08D01B1}.Debug|x86.Build.0 = Debug|Win32
		{F822C291-F094-401E-8963-D341F08D01B1}.Release|x64.ActiveCfg = Release|x64
		{F822C291-F094-401E-8963-D341F08D01B1}.Release|x64.Build.0 = Release|x64
		{F822C291-F094-401E-8963-D341F08D01B1}.Release|x86.ActiveCfg = Release|Win32
		{F822C291-F094-401E-8963-D341F08D01B1}.Release|x86.Build.0 = Release|Win32
		{7F56E0CF-3B29-4A78-8E26-E84904FAED61}.Debug|x64.ActiveCfg = Debug|x64
		{7F56E0CF-3B29-4A78-8E26-E84904FAED61}.Debug|x64.Build.0 = Debug|x64
		{7F56E0CF-3B29-4A78-8E26-E84904FAED61}.Debug|x86.ActiveCfg = Debug|Win32
		{7F56E0CF-3B29-4A78-8E26-E84904FAED61}.Debug|x86.Build.0 = Debug|Win32
		{7F56E0CF-3B29-4A78-8E26-E84904FAED61}.Release|x64.ActiveCfg = Release|x64
		{7F56E0CF-3B29-4A78-8E26-E84904FAED61}.Release|x64.Build.0 = Release|x64
		{7F56E0CF-3B29-4A78-8E26-E84904FAED61}.Release|x86.ActiveCfg = Release|Win32
		{7F56E0CF-3B29-4A78-8E26-E84904FAED61}.Release|x86.Build.0 = Release|Win32
		{AEAE07B4-F176-4632-BCE9-A2860FE54B9B}.Debug|x64.ActiveCfg = Debug|x64
		{AEAE07B4-F176-4632-BCE9-A2860FE54B9B}.Debug|x64.Build.0 = Debug|x64
		{AEAE07B4-F176-4632-BCE9-A2860FE54B9B}.Debug|x86.ActiveCfg = Debug|Win32
		{AEAE07B4-F176-4632-BCE9-A2860FE54B9B}.Debug|x86.Build.0 = Debug|Win32
		{AEAE07B4-F176-4632-BCE9-A2860FE54B9B}.Release|x64.ActiveCfg = Release|x64
		{AEAE07B4-F176-4632-BCE9-A2860FE54B9B}.Release|x64.Build.0 = Release|x64
		{AEAE07B4-F176-4632-BCE9-A2860FE54B9B}.Release|x86.ActiveCfg = Release|Win32
		{AEAE07B4-F176-4632-BCE9-A2860FE54B9B}.Release|x86.Build.0 = Release|Win32
		{B4062D4F-D200-4F74-8C93-C529A52454F9}.Debug|x64.ActiveCfg = Debug|x64
		{B4062D4F-D200-4F74-8C93-C529A52454F9}.Debug|x64.Build.0 = Debug|x64
		{B4062D4F-D200-4F74-8C93-C529A52454F9}.Debug|x86.ActiveCfg = Debug|Win32
		{B4062D4F-D200-4F74-8C93-C529A52454F9}.Debug|x86.Build.0 = Debug|Win32
		{B4062D4F-D200-4F74-8C93-C529A52454F9}.Release|x64.ActiveCfg = Release|x64
		{B4062D4F-D200-4F74-8C93-C529A52454F9}.Release|x64.Build.0 = Release|x64
		{B4062D4F-D200-4F74-8C93-C529A52454F9}.Release|x86.ActiveCfg = Release|Win32
		{B4062D4F-D200-4F74-8C93-C529A52454F9}.Release|x86.Build.0 = Release|Win32
		{7FD5D344-C99D-4CC3-A371-0D8B7D0313B3}.Debug|x64.ActiveCfg = Debug|x64
		{7FD5D344-C99D-4CC3-A371-0D8B7D0313B3}.Debug|x64.Build.0 = Debug|x64
		{7FD5D344-C99D-4CC3-A371-0D8B7D0313B3}.Debug|x86.ActiveCfg = Debug|Win32
		{7FD5D344-C99D-4CC3-A371-0D8B7D0313B3}.Debug|x86.Build.0 = Debug|Win32
		{7FD5D344-C99D-4CC3-A371-0D8B7D0313B3}.Release|x64.ActiveCfg = Release|x64
		{7FD5D344-C99D-4CC3-A371-0D8B7D0313B3}.Release|x64.Build.0 = Release|x64
		{7FD5D344-C99D-4CC3-A371-0D8B7D0313B3}.Release|x86.ActiveCfg = Release|Win32
		{7FD5D344-C99D-4CC3-A371-0D8B7D0313B3}.Release|x86.Build.0 = Release|Win32
		{4F50524C-483F-44C7-8873-C864BB47757A}.Debug|x64.ActiveCfg = Debug|x64
		{4F50524C-483F-44C7-8873-C864BB47757A}.Debug|x64.Build.0 = Debug|x64
		{4F50524C-483F-44C7-8873-C864BB47757A}.Debug|x86.ActiveCfg = Debug|Win32
		{4F50524C-483F-44C7-8873-C864BB47757A}.Debug|x86.Build.0 = Debug|Win32
		{4F50524C-483F-44C7-8873-C864BB47757A}.Release|x64.ActiveCfg = Release|x64
		{4F50524C-483F-44C7-8873-C864BB47757A}.Release|x64.Build.0 = Release|x64
		{4F50524C-483F-44C7-8873-C864BB47757A}.Release|x86.ActiveCfg = Release|Win32
		{4F50524C-483F-44C7-8873-C864BB47757A}.Release|x86.Build.0 = Release|Win32
		{98F803A7-ED49-4654-928D-6C62905512C5}.Debug|x64.ActiveCfg = Debug|x64
		{98F803A7-ED49-4654-928D-6C62905512C5}.Debug|x64.Build.0 = Debug|x64
		{98F803A7-ED49-4654-928D-6C62905512C5}.Debug|x86.ActiveCfg = Debug|Win32
		{98F803A7-ED49-4654-928D-6C62905512C5}.Debug|x86.Build.0 = Debug|Win32
		{98F803A7-ED49-4654-928D-6C62905512C5}.Release|x64.ActiveCfg = Release|x64
		{98F803A7-ED49-4654-928D-6C62905512C5}.Release|x64.Build.0 = Release|x64
		{98F803A7-ED49-4654-928D-6C62905512C5}.Release|x86.ActiveCfg = Release|Win32
		{98F803A7-ED49-4654-928D-6C62905512C5}.Release|x86.Build.0 = Release|Win32
		{4B6DC31C-EDF1-4BD4-B863-0AD88BB23D3D}.Debug|x64.ActiveCfg = Debug|x64
		{4B6DC31C-EDF1-4BD4-B863-0AD88BB23D3D}.Debug|x64.Build.0 = Debug|x64
		{4B6DC31C-EDF1-4BD4-B863-0AD88BB23D3D}.Debug|x86.ActiveCfg = Debug|Win32
		{4B6DC31C-EDF1-4BD4-B863-0AD88BB23D3D}.Debug|x86.Build.0 = Debug|Win32
		{4B6DC31C-EDF1-4BD4-B863-0AD88BB23D3D}.Release|x64.ActiveCfg = Release|x64
		{4B6DC31C-EDF1-4BD4-B863-0AD88BB23D3D}.Release|x64.Build.0 = Release|x64
		{4B6DC31C-EDF1-4BD4-B863-0AD88BB23D3D}.Release|x86.ActiveCfg = Release|Win32
		{4B6DC31C-EDF1-4BD4-B863-0AD88BB23D3D}.Release|x86.Build.0 = Release|Win32
		{DFE8E45B-4DB1-46A5-931C-9E4361B9829D}.Debug|x64.ActiveCfg = Debug|x64
		{DFE8E45B-4DB1-46A5-931C-9E4361B9829D}.Debug|x64.Build.0 = Debug|x64
		{DFE8E45B-4DB1-46A5-931C-9E4361B9829D}.Debug|x86.ActiveCfg = Debug|Win32
		{DFE8E45B-4DB1-46A5-931C-9E4361B9829D}.Debug|x86.Build.0 = Debug|Win32
		{DFE8E45B-4DB1-46A5-931C-9E4361B9829D}.Release|x64.ActiveCfg = Release|x64
		{DFE8E45B-4DB1-46A5-931C-9E4361B9829D}.Release|x64.Build.0 = Release|x64
		{DFE8E45B-4DB1-46A5-931C-9E4361B9829D}.Release|x86.ActiveCfg = Release|Win32
		{DFE8E45B-4DB1-46A5-931C-9E4361B9829D}.Release|x86.Build.0 = Release|Win32
		{130722C6-E32C-4ECE-9604-D685828852C4}.Debug|x64.ActiveCfg = Debug|x64
		{130722C6-E32C-4ECE-9604-D685828852C4}.Debug|x64.Build.0 = Debug|x64
		{130722C6-E32C-4ECE-9604-D685828852C4}.Debug|x86.ActiveCfg = Debug|Win32
		{130722C6-E32C-4ECE-9604-D685828852C4}.Debug|x86.Build.0 = Debug|Win32
		{130722C6-E32C-4ECE-9604-D685828852C4}.Release|x64.ActiveCfg = Release|x64
		{130722C6-E32C-4ECE-9604-D685828852C4}.Release|x64.Build.0 = Release|x64
		{130722C6-E32C-4ECE-9604-D685828852C4}.Release|x86.ActiveCfg = Release|Win32
		{130722C6-E32C-4ECE-9604-D685828852C4}.Release|x86.Build.0 = Release|Win32
		{19A0020D-6C7A-4875-B032-F77769DA446C}.Debug|x64.ActiveCfg = Debug|x64
		{19A0020D-6C7A-4875-B032-F77769DA446C}.Debug|x64.Build.0 = Debug|x64
		{19A0020D-6C7A-4875-B032-F77769DA446C}.Debug|x86.ActiveCfg = Debug|Win32
		{19A0020D-6C7A-4875-B032-F77769DA446C}.Debug|x86.Build.0 = Debug|Win32
		{19A0020D-6C7A-4875-B032-F77769DA446C}.Release|x64.ActiveCfg = Release|x64
		{19A0020D-6C7A-4875-B032-F77769DA446C}.Release|x64.Build.0 = Release|x64
		{19A0020D-6C7A-4875-B032-F77769DA446C}.Release|x86.ActiveCfg = Release|Win32
		{19A0020D-6C7A-4875-B032-F77769DA446C}.Release|x86.Build.0 = Release|Win32
		{241FA926-87B1-4037-B46A-62333AFB4DF3}.Debug|x64.ActiveCfg = Debug|x64
		{241FA926-87B1-4037-B46A-62333AFB4DF3}.Debug|x64.Build.0 = Debug|x64
		{241FA926-87B1-4037-B46A-62333AFB4DF3}.Debug|x86.ActiveCfg = Debug|Win32
		{241FA926-87B1-4037-B46A-62333AFB4DF3}.Debug|x86.Build.0 = Debug|Win32
		{241FA926-87B1-4037-B46A-62333AFB4DF3}.Release|x64.ActiveCfg = Release|x64
		{241FA926-87B1-4037-B46A-62333AFB4DF3}.Release|x64.Build.0 = Release|x64
		{241FA926-87B1-4037-B46A-62333AFB4DF3}.Release|x86.ActiveCfg = Release|Win32
		{241FA926-87B1-4037-B46A-62333AFB4DF3}.Release|x86.Build.0 = Release|Win32
		{0F869BEC-B1BF-44EA-984B-37E7D7DDEE48}.Debug|x64.ActiveCfg = Debug|x64
		{0F869BEC-B1BF-44EA-984B-37E7D7DDEE48}.Debug|x64.Build.0 = Debug|x64
		{0F869BEC-B1BF-44EA-984B-37E7D7DDEE48}.Debug|x86.ActiveCfg = Debug|Win32
		{0F869BEC-B1BF-44EA-984B-37E7D7DDEE48}.Debug|x86.Build.0 = Debug|Win32
		{0F869BEC-B1BF-44EA-984B-37E7D7DDEE48}.Release|x64.ActiveCfg = Release|x64
		{0F869BEC-B1BF-44EA-984B-37E7D7DDEE48}.Release|x64.Build.0 = Release|x64
		{0F869BEC-B1BF-44EA-984B-37E7D7DDEE48}.Release|x86.ActiveCfg = Release|Win32
		{0F869BEC-B1BF-44EA-984B-37E7D7DDEE48}.Release|x86.Build.0 = Release|Win32
		{3499BA2D-BD25-4F9E-8464-2E5E95C34DCC}.Debug|x64.ActiveCfg = Debug|x64
		{3499BA2D-BD25-4F9E-8464-2E5E95C34DCC}.Debug|x64.Build.0 = Debug|x64
		{3499BA2D-BD25-4F9E-8464-2E5E95C34DCC}.Debug|x86.ActiveCfg = Debug|Win32
		{3499BA2D-BD25-4F9E-8464-2E5E95C34DCC}.Debug|x86.Build.0 = Debug|Win32
		{3499BA2D-BD25-4F9E-8464-2E5E95C34DCC}.Release|x64.ActiveCfg = Release|x64
		{3499BA2D-BD25-4F9E-8464-2E5E95C34DCC}.Release|x64.Build.0 = Release|x64
		{3499BA2D-BD25-4F9E-8464-2E5E95C34DCC}.Release|x86.ActiveCfg = Release|Win32
		{3499BA2D-BD25-4F9E-8464-2E5E95C34DCC}.Release|x86.Build.0 = Release|Win32
	EndGlobalSection
	GlobalSection(SolutionProperties) = preSolution
		HideSolutionNode = FALSE
	EndGlobalSection
	GlobalSection(ExtensibilityGlobals) = postSolution
		SolutionGuid = {33715B20-BF37-414F-B5A0-7F1CBF474849}
	EndGlobalSection
EndGlobal
